// !$*UTF8*$!
{
	archiveVersion = 1;
	classes = {
	};
	objectVersion = 48;
	objects = {

/* Begin PBXBuildFile section */
		51FC9EFE597D1EECC69DAE92 /* Pods_Movie_Roulette.framework in Frameworks */ = {isa = PBXBuildFile; fileRef = E30CDB54CAC73C00079D6589 /* Pods_Movie_Roulette.framework */; };
		FC036AE51F9ED5FE009A91B7 /* APIManager.swift in Sources */ = {isa = PBXBuildFile; fileRef = FC036AE41F9ED5FE009A91B7 /* APIManager.swift */; };
		FC036AE71F9ED7F5009A91B7 /* Movie.swift in Sources */ = {isa = PBXBuildFile; fileRef = FC036AE61F9ED7F5009A91B7 /* Movie.swift */; };
		FCBD23B11FBA863000EE9DB8 /* Wishlist.swift in Sources */ = {isa = PBXBuildFile; fileRef = FCBD23B01FBA863000EE9DB8 /* Wishlist.swift */; };
		FCBD23B31FBA9F8D00EE9DB8 /* MovieViewController.swift in Sources */ = {isa = PBXBuildFile; fileRef = FCBD23B21FBA9F8D00EE9DB8 /* MovieViewController.swift */; };
		FCBD23B51FBAAFAC00EE9DB8 /* WatchlistViewController.swift in Sources */ = {isa = PBXBuildFile; fileRef = FCBD23B41FBAAFAC00EE9DB8 /* WatchlistViewController.swift */; };
		FCBEA0ED1F9E179E009DECCA /* AppDelegate.swift in Sources */ = {isa = PBXBuildFile; fileRef = FCBEA0EC1F9E179E009DECCA /* AppDelegate.swift */; };
		FCBEA0EF1F9E179E009DECCA /* ViewController.swift in Sources */ = {isa = PBXBuildFile; fileRef = FCBEA0EE1F9E179E009DECCA /* ViewController.swift */; };
		FCBEA0F21F9E179E009DECCA /* Main.storyboard in Resources */ = {isa = PBXBuildFile; fileRef = FCBEA0F01F9E179E009DECCA /* Main.storyboard */; };
		FCBEA0F41F9E179E009DECCA /* Assets.xcassets in Resources */ = {isa = PBXBuildFile; fileRef = FCBEA0F31F9E179E009DECCA /* Assets.xcassets */; };
		FCBEA0F71F9E179E009DECCA /* LaunchScreen.storyboard in Resources */ = {isa = PBXBuildFile; fileRef = FCBEA0F51F9E179E009DECCA /* LaunchScreen.storyboard */; };
		FCE89A1A1FBA030B002A8061 /* Genre.swift in Sources */ = {isa = PBXBuildFile; fileRef = FCE89A191FBA030B002A8061 /* Genre.swift */; };
/* End PBXBuildFile section */

/* Begin PBXFileReference section */
		786D9160F5A71061E2ABE154 /* Pods-Movie Roulette.debug.xcconfig */ = {isa = PBXFileReference; includeInIndex = 1; lastKnownFileType = text.xcconfig; name = "Pods-Movie Roulette.debug.xcconfig"; path = "Pods/Target Support Files/Pods-Movie Roulette/Pods-Movie Roulette.debug.xcconfig"; sourceTree = "<group>"; };
		E30CDB54CAC73C00079D6589 /* Pods_Movie_Roulette.framework */ = {isa = PBXFileReference; explicitFileType = wrapper.framework; includeInIndex = 0; path = Pods_Movie_Roulette.framework; sourceTree = BUILT_PRODUCTS_DIR; };
		F9A4B3800E3ED7FA93FFD912 /* Pods-Movie Roulette.release.xcconfig */ = {isa = PBXFileReference; includeInIndex = 1; lastKnownFileType = text.xcconfig; name = "Pods-Movie Roulette.release.xcconfig"; path = "Pods/Target Support Files/Pods-Movie Roulette/Pods-Movie Roulette.release.xcconfig"; sourceTree = "<group>"; };
		FC036AE41F9ED5FE009A91B7 /* APIManager.swift */ = {isa = PBXFileReference; lastKnownFileType = sourcecode.swift; path = APIManager.swift; sourceTree = "<group>"; };
		FC036AE61F9ED7F5009A91B7 /* Movie.swift */ = {isa = PBXFileReference; lastKnownFileType = sourcecode.swift; path = Movie.swift; sourceTree = "<group>"; };
		FCBD23B01FBA863000EE9DB8 /* Wishlist.swift */ = {isa = PBXFileReference; lastKnownFileType = sourcecode.swift; path = Wishlist.swift; sourceTree = "<group>"; };
		FCBD23B21FBA9F8D00EE9DB8 /* MovieViewController.swift */ = {isa = PBXFileReference; lastKnownFileType = sourcecode.swift; path = MovieViewController.swift; sourceTree = "<group>"; };
		FCBD23B41FBAAFAC00EE9DB8 /* WatchlistViewController.swift */ = {isa = PBXFileReference; lastKnownFileType = sourcecode.swift; path = WatchlistViewController.swift; sourceTree = "<group>"; };
		FCBEA0E91F9E179E009DECCA /* Movie Roulette.app */ = {isa = PBXFileReference; explicitFileType = wrapper.application; includeInIndex = 0; path = "Movie Roulette.app"; sourceTree = BUILT_PRODUCTS_DIR; };
		FCBEA0EC1F9E179E009DECCA /* AppDelegate.swift */ = {isa = PBXFileReference; lastKnownFileType = sourcecode.swift; path = AppDelegate.swift; sourceTree = "<group>"; };
		FCBEA0EE1F9E179E009DECCA /* ViewController.swift */ = {isa = PBXFileReference; lastKnownFileType = sourcecode.swift; path = ViewController.swift; sourceTree = "<group>"; };
		FCBEA0F11F9E179E009DECCA /* Base */ = {isa = PBXFileReference; lastKnownFileType = file.storyboard; name = Base; path = Base.lproj/Main.storyboard; sourceTree = "<group>"; };
		FCBEA0F31F9E179E009DECCA /* Assets.xcassets */ = {isa = PBXFileReference; lastKnownFileType = folder.assetcatalog; path = Assets.xcassets; sourceTree = "<group>"; };
		FCBEA0F61F9E179E009DECCA /* Base */ = {isa = PBXFileReference; lastKnownFileType = file.storyboard; name = Base; path = Base.lproj/LaunchScreen.storyboard; sourceTree = "<group>"; };
		FCBEA0F81F9E179E009DECCA /* Info.plist */ = {isa = PBXFileReference; lastKnownFileType = text.plist.xml; path = Info.plist; sourceTree = "<group>"; };
		FCE89A191FBA030B002A8061 /* Genre.swift */ = {isa = PBXFileReference; lastKnownFileType = sourcecode.swift; path = Genre.swift; sourceTree = "<group>"; };
/* End PBXFileReference section */

/* Begin PBXFrameworksBuildPhase section */
		FCBEA0E61F9E179E009DECCA /* Frameworks */ = {
			isa = PBXFrameworksBuildPhase;
			buildActionMask = 2147483647;
			files = (
				51FC9EFE597D1EECC69DAE92 /* Pods_Movie_Roulette.framework in Frameworks */,
			);
			runOnlyForDeploymentPostprocessing = 0;
		};
/* End PBXFrameworksBuildPhase section */

/* Begin PBXGroup section */
		20364B297AC54B9221176948 /* Pods */ = {
			isa = PBXGroup;
			children = (
				786D9160F5A71061E2ABE154 /* Pods-Movie Roulette.debug.xcconfig */,
				F9A4B3800E3ED7FA93FFD912 /* Pods-Movie Roulette.release.xcconfig */,
			);
			name = Pods;
			sourceTree = "<group>";
		};
		9002AF96C4467DE58D76553D /* Frameworks */ = {
			isa = PBXGroup;
			children = (
				E30CDB54CAC73C00079D6589 /* Pods_Movie_Roulette.framework */,
			);
			name = Frameworks;
			sourceTree = "<group>";
		};
		FCBEA0E01F9E179E009DECCA = {
			isa = PBXGroup;
			children = (
				FCBEA0EB1F9E179E009DECCA /* Movie Roulette */,
				FCBEA0EA1F9E179E009DECCA /* Products */,
				20364B297AC54B9221176948 /* Pods */,
				9002AF96C4467DE58D76553D /* Frameworks */,
			);
			sourceTree = "<group>";
		};
		FCBEA0EA1F9E179E009DECCA /* Products */ = {
			isa = PBXGroup;
			children = (
				FCBEA0E91F9E179E009DECCA /* Movie Roulette.app */,
			);
			name = Products;
			sourceTree = "<group>";
		};
		FCBEA0EB1F9E179E009DECCA /* Movie Roulette */ = {
			isa = PBXGroup;
			children = (
				FCBEA0EC1F9E179E009DECCA /* AppDelegate.swift */,
				FCBEA0EE1F9E179E009DECCA /* ViewController.swift */,
				FCBEA0F01F9E179E009DECCA /* Main.storyboard */,
				FCBEA0F31F9E179E009DECCA /* Assets.xcassets */,
				FCBEA0F51F9E179E009DECCA /* LaunchScreen.storyboard */,
				FCBEA0F81F9E179E009DECCA /* Info.plist */,
				FC036AE41F9ED5FE009A91B7 /* APIManager.swift */,
				FC036AE61F9ED7F5009A91B7 /* Movie.swift */,
				FCE89A191FBA030B002A8061 /* Genre.swift */,
				FCBD23B01FBA863000EE9DB8 /* Wishlist.swift */,
				FCBD23B21FBA9F8D00EE9DB8 /* MovieViewController.swift */,
				FCBD23B41FBAAFAC00EE9DB8 /* WatchlistViewController.swift */,
			);
			path = "Movie Roulette";
			sourceTree = "<group>";
		};
/* End PBXGroup section */

/* Begin PBXNativeTarget section */
		FCBEA0E81F9E179E009DECCA /* Movie Roulette */ = {
			isa = PBXNativeTarget;
			buildConfigurationList = FCBEA0FB1F9E179E009DECCA /* Build configuration list for PBXNativeTarget "Movie Roulette" */;
			buildPhases = (
				9429D064FFBC42FF9424BA5B /* [CP] Check Pods Manifest.lock */,
				FCBEA0E51F9E179E009DECCA /* Sources */,
				FCBEA0E61F9E179E009DECCA /* Frameworks */,
				FCBEA0E71F9E179E009DECCA /* Resources */,
				F48ACA5D6AB4DAC98A1D8626 /* [CP] Embed Pods Frameworks */,
				25C9C84115091C47EFE7E24E /* [CP] Copy Pods Resources */,
			);
			buildRules = (
			);
			dependencies = (
			);
			name = "Movie Roulette";
			productName = "Movie Roulette";
			productReference = FCBEA0E91F9E179E009DECCA /* Movie Roulette.app */;
			productType = "com.apple.product-type.application";
		};
/* End PBXNativeTarget section */

/* Begin PBXProject section */
		FCBEA0E11F9E179E009DECCA /* Project object */ = {
			isa = PBXProject;
			attributes = {
				LastSwiftUpdateCheck = 0900;
				LastUpgradeCheck = 0900;
				ORGANIZATIONNAME = "Aizhan Yerimbetova";
				TargetAttributes = {
					FCBEA0E81F9E179E009DECCA = {
						CreatedOnToolsVersion = 9.0.1;
						ProvisioningStyle = Automatic;
					};
				};
			};
			buildConfigurationList = FCBEA0E41F9E179E009DECCA /* Build configuration list for PBXProject "Movie Roulette" */;
			compatibilityVersion = "Xcode 8.0";
			developmentRegion = en;
			hasScannedForEncodings = 0;
			knownRegions = (
				en,
				Base,
			);
			mainGroup = FCBEA0E01F9E179E009DECCA;
			productRefGroup = FCBEA0EA1F9E179E009DECCA /* Products */;
			projectDirPath = "";
			projectRoot = "";
			targets = (
				FCBEA0E81F9E179E009DECCA /* Movie Roulette */,
			);
		};
/* End PBXProject section */

/* Begin PBXResourcesBuildPhase section */
		FCBEA0E71F9E179E009DECCA /* Resources */ = {
			isa = PBXResourcesBuildPhase;
			buildActionMask = 2147483647;
			files = (
				FCBEA0F71F9E179E009DECCA /* LaunchScreen.storyboard in Resources */,
				FCBEA0F41F9E179E009DECCA /* Assets.xcassets in Resources */,
				FCBEA0F21F9E179E009DECCA /* Main.storyboard in Resources */,
			);
			runOnlyForDeploymentPostprocessing = 0;
		};
/* End PBXResourcesBuildPhase section */

/* Begin PBXShellScriptBuildPhase section */
		25C9C84115091C47EFE7E24E /* [CP] Copy Pods Resources */ = {
			isa = PBXShellScriptBuildPhase;
			buildActionMask = 2147483647;
			files = (
			);
			inputPaths = (
			);
			name = "[CP] Copy Pods Resources";
			outputPaths = (
			);
			runOnlyForDeploymentPostprocessing = 0;
			shellPath = /bin/sh;
			shellScript = "\"${SRCROOT}/Pods/Target Support Files/Pods-Movie Roulette/Pods-Movie Roulette-resources.sh\"\n";
			showEnvVarsInLog = 0;
		};
		9429D064FFBC42FF9424BA5B /* [CP] Check Pods Manifest.lock */ = {
			isa = PBXShellScriptBuildPhase;
			buildActionMask = 2147483647;
			files = (
			);
			inputPaths = (
				"${PODS_PODFILE_DIR_PATH}/Podfile.lock",
				"${PODS_ROOT}/Manifest.lock",
			);
			name = "[CP] Check Pods Manifest.lock";
			outputPaths = (
				"$(DERIVED_FILE_DIR)/Pods-Movie Roulette-checkManifestLockResult.txt",
			);
			runOnlyForDeploymentPostprocessing = 0;
			shellPath = /bin/sh;
			shellScript = "diff \"${PODS_PODFILE_DIR_PATH}/Podfile.lock\" \"${PODS_ROOT}/Manifest.lock\" > /dev/null\nif [ $? != 0 ] ; then\n    # print error to STDERR\n    echo \"error: The sandbox is not in sync with the Podfile.lock. Run 'pod install' or update your CocoaPods installation.\" >&2\n    exit 1\nfi\n# This output is used by Xcode 'outputs' to avoid re-running this script phase.\necho \"SUCCESS\" > \"${SCRIPT_OUTPUT_FILE_0}\"\n";
			showEnvVarsInLog = 0;
		};
		F48ACA5D6AB4DAC98A1D8626 /* [CP] Embed Pods Frameworks */ = {
			isa = PBXShellScriptBuildPhase;
			buildActionMask = 2147483647;
			files = (
			);
			inputPaths = (
				"${SRCROOT}/Pods/Target Support Files/Pods-Movie Roulette/Pods-Movie Roulette-frameworks.sh",
				"${BUILT_PRODUCTS_DIR}/Alamofire/Alamofire.framework",
			);
			name = "[CP] Embed Pods Frameworks";
			outputPaths = (
				"${TARGET_BUILD_DIR}/${FRAMEWORKS_FOLDER_PATH}/Alamofire.framework",
			);
			runOnlyForDeploymentPostprocessing = 0;
			shellPath = /bin/sh;
			shellScript = "\"${SRCROOT}/Pods/Target Support Files/Pods-Movie Roulette/Pods-Movie Roulette-frameworks.sh\"\n";
			showEnvVarsInLog = 0;
		};
/* End PBXShellScriptBuildPhase section */

/* Begin PBXSourcesBuildPhase section */
		FCBEA0E51F9E179E009DECCA /* Sources */ = {
			isa = PBXSourcesBuildPhase;
			buildActionMask = 2147483647;
			files = (
				FCBD23B11FBA863000EE9DB8 /* Wishlist.swift in Sources */,
				FC036AE51F9ED5FE009A91B7 /* APIManager.swift in Sources */,
				FCBD23B51FBAAFAC00EE9DB8 /* WatchlistViewController.swift in Sources */,
				FCBEA0EF1F9E179E009DECCA /* ViewController.swift in Sources */,
				FCBD23B31FBA9F8D00EE9DB8 /* MovieViewController.swift in Sources */,
				FC036AE71F9ED7F5009A91B7 /* Movie.swift in Sources */,
				FCBEA0ED1F9E179E009DECCA /* AppDelegate.swift in Sources */,
				FCE89A1A1FBA030B002A8061 /* Genre.swift in Sources */,
			);
			runOnlyForDeploymentPostprocessing = 0;
		};
/* End PBXSourcesBuildPhase section */

/* Begin PBXVariantGroup section */
		FCBEA0F01F9E179E009DECCA /* Main.storyboard */ = {
			isa = PBXVariantGroup;
			children = (
				FCBEA0F11F9E179E009DECCA /* Base */,
			);
			name = Main.storyboard;
			sourceTree = "<group>";
		};
		FCBEA0F51F9E179E009DECCA /* LaunchScreen.storyboard */ = {
			isa = PBXVariantGroup;
			children = (
				FCBEA0F61F9E179E009DECCA /* Base */,
			);
			name = LaunchScreen.storyboard;
			sourceTree = "<group>";
		};
/* End PBXVariantGroup section */

/* Begin XCBuildConfiguration section */
		FCBEA0F91F9E179E009DECCA /* Debug */ = {
			isa = XCBuildConfiguration;
			buildSettings = {
				ALWAYS_SEARCH_USER_PATHS = NO;
				CLANG_ANALYZER_NONNULL = YES;
				CLANG_ANALYZER_NUMBER_OBJECT_CONVERSION = YES_AGGRESSIVE;
				CLANG_CXX_LANGUAGE_STANDARD = "gnu++14";
				CLANG_CXX_LIBRARY = "libc++";
				CLANG_ENABLE_MODULES = YES;
				CLANG_ENABLE_OBJC_ARC = YES;
				CLANG_WARN_BLOCK_CAPTURE_AUTORELEASING = YES;
				CLANG_WARN_BOOL_CONVERSION = YES;
				CLANG_WARN_COMMA = YES;
				CLANG_WARN_CONSTANT_CONVERSION = YES;
				CLANG_WARN_DIRECT_OBJC_ISA_USAGE = YES_ERROR;
				CLANG_WARN_DOCUMENTATION_COMMENTS = YES;
				CLANG_WARN_EMPTY_BODY = YES;
				CLANG_WARN_ENUM_CONVERSION = YES;
				CLANG_WARN_INFINITE_RECURSION = YES;
				CLANG_WARN_INT_CONVERSION = YES;
				CLANG_WARN_NON_LITERAL_NULL_CONVERSION = YES;
				CLANG_WARN_OBJC_LITERAL_CONVERSION = YES;
				CLANG_WARN_OBJC_ROOT_CLASS = YES_ERROR;
				CLANG_WARN_RANGE_LOOP_ANALYSIS = YES;
				CLANG_WARN_STRICT_PROTOTYPES = YES;
				CLANG_WARN_SUSPICIOUS_MOVE = YES;
				CLANG_WARN_UNGUARDED_AVAILABILITY = YES_AGGRESSIVE;
				CLANG_WARN_UNREACHABLE_CODE = YES;
				CLANG_WARN__DUPLICATE_METHOD_MATCH = YES;
				CODE_SIGN_IDENTITY = "iPhone Developer";
				COPY_PHASE_STRIP = NO;
				DEBUG_INFORMATION_FORMAT = dwarf;
				ENABLE_STRICT_OBJC_MSGSEND = YES;
				ENABLE_TESTABILITY = YES;
				GCC_C_LANGUAGE_STANDARD = gnu11;
				GCC_DYNAMIC_NO_PIC = NO;
				GCC_NO_COMMON_BLOCKS = YES;
				GCC_OPTIMIZATION_LEVEL = 0;
				GCC_PREPROCESSOR_DEFINITIONS = (
					"DEBUG=1",
					"$(inherited)",
				);
				GCC_WARN_64_TO_32_BIT_CONVERSION = YES;
				GCC_WARN_ABOUT_RETURN_TYPE = YES_ERROR;
				GCC_WARN_UNDECLARED_SELECTOR = YES;
				GCC_WARN_UNINITIALIZED_AUTOS = YES_AGGRESSIVE;
				GCC_WARN_UNUSED_FUNCTION = YES;
				GCC_WARN_UNUSED_VARIABLE = YES;
				IPHONEOS_DEPLOYMENT_TARGET = 11.0;
				MTL_ENABLE_DEBUG_INFO = YES;
				ONLY_ACTIVE_ARCH = YES;
				SDKROOT = iphoneos;
				SWIFT_ACTIVE_COMPILATION_CONDITIONS = DEBUG;
				SWIFT_OPTIMIZATION_LEVEL = "-Onone";
			};
			name = Debug;
		};
		FCBEA0FA1F9E179E009DECCA /* Release */ = {
			isa = XCBuildConfiguration;
			buildSettings = {
				ALWAYS_SEARCH_USER_PATHS = NO;
				CLANG_ANALYZER_NONNULL = YES;
				CLANG_ANALYZER_NUMBER_OBJECT_CONVERSION = YES_AGGRESSIVE;
				CLANG_CXX_LANGUAGE_STANDARD = "gnu++14";
				CLANG_CXX_LIBRARY = "libc++";
				CLANG_ENABLE_MODULES = YES;
				CLANG_ENABLE_OBJC_ARC = YES;
				CLANG_WARN_BLOCK_CAPTURE_AUTORELEASING = YES;
				CLANG_WARN_BOOL_CONVERSION = YES;
				CLANG_WARN_COMMA = YES;
				CLANG_WARN_CONSTANT_CONVERSION = YES;
				CLANG_WARN_DIRECT_OBJC_ISA_USAGE = YES_ERROR;
				CLANG_WARN_DOCUMENTATION_COMMENTS = YES;
				CLANG_WARN_EMPTY_BODY = YES;
				CLANG_WARN_ENUM_CONVERSION = YES;
				CLANG_WARN_INFINITE_RECURSION = YES;
				CLANG_WARN_INT_CONVERSION = YES;
				CLANG_WARN_NON_LITERAL_NULL_CONVERSION = YES;
				CLANG_WARN_OBJC_LITERAL_CONVERSION = YES;
				CLANG_WARN_OBJC_ROOT_CLASS = YES_ERROR;
				CLANG_WARN_RANGE_LOOP_ANALYSIS = YES;
				CLANG_WARN_STRICT_PROTOTYPES = YES;
				CLANG_WARN_SUSPICIOUS_MOVE = YES;
				CLANG_WARN_UNGUARDED_AVAILABILITY = YES_AGGRESSIVE;
				CLANG_WARN_UNREACHABLE_CODE = YES;
				CLANG_WARN__DUPLICATE_METHOD_MATCH = YES;
				CODE_SIGN_IDENTITY = "iPhone Developer";
				COPY_PHASE_STRIP = NO;
				DEBUG_INFORMATION_FORMAT = "dwarf-with-dsym";
				ENABLE_NS_ASSERTIONS = NO;
				ENABLE_STRICT_OBJC_MSGSEND = YES;
				GCC_C_LANGUAGE_STANDARD = gnu11;
				GCC_NO_COMMON_BLOCKS = YES;
				GCC_WARN_64_TO_32_BIT_CONVERSION = YES;
				GCC_WARN_ABOUT_RETURN_TYPE = YES_ERROR;
				GCC_WARN_UNDECLARED_SELECTOR = YES;
				GCC_WARN_UNINITIALIZED_AUTOS = YES_AGGRESSIVE;
				GCC_WARN_UNUSED_FUNCTION = YES;
				GCC_WARN_UNUSED_VARIABLE = YES;
				IPHONEOS_DEPLOYMENT_TARGET = 11.0;
				MTL_ENABLE_DEBUG_INFO = NO;
				SDKROOT = iphoneos;
				SWIFT_OPTIMIZATION_LEVEL = "-Owholemodule";
				VALIDATE_PRODUCT = YES;
			};
			name = Release;
		};
		FCBEA0FC1F9E179E009DECCA /* Debug */ = {
			isa = XCBuildConfiguration;
			baseConfigurationReference = 786D9160F5A71061E2ABE154 /* Pods-Movie Roulette.debug.xcconfig */;
			buildSettings = {
				ASSETCATALOG_COMPILER_APPICON_NAME = AppIcon;
				CODE_SIGN_STYLE = Automatic;
				DEVELOPMENT_TEAM = 39KYG8L6J5;
				INFOPLIST_FILE = "Movie Roulette/Info.plist";
				LD_RUNPATH_SEARCH_PATHS = "$(inherited) @executable_path/Frameworks";
				PRODUCT_BUNDLE_IDENTIFIER = "AmusedInc.Movie-Roulette";
				PRODUCT_NAME = "$(TARGET_NAME)";
				SWIFT_VERSION = 4.0;
				TARGETED_DEVICE_FAMILY = "1,2";
			};
			name = Debug;
		};
		FCBEA0FD1F9E179E009DECCA /* Release */ = {
			isa = XCBuildConfiguration;
			baseConfigurationReference = F9A4B3800E3ED7FA93FFD912 /* Pods-Movie Roulette.release.xcconfig */;
			buildSettings = {
				ASSETCATALOG_COMPILER_APPICON_NAME = AppIcon;
				CODE_SIGN_STYLE = Automatic;
				DEVELOPMENT_TEAM = 39KYG8L6J5;
				INFOPLIST_FILE = "Movie Roulette/Info.plist";
				LD_RUNPATH_SEARCH_PATHS = "$(inherited) @executable_path/Frameworks";
				PRODUCT_BUNDLE_IDENTIFIER = "AmusedInc.Movie-Roulette";
				PRODUCT_NAME = "$(TARGET_NAME)";
				SWIFT_VERSION = 4.0;
				TARGETED_DEVICE_FAMILY = "1,2";
			};
			name = Release;
		};
/* End XCBuildConfiguration section */

/* Begin XCConfigurationList section */
		FCBEA0E41F9E179E009DECCA /* Build configuration list for PBXProject "Movie Roulette" */ = {
			isa = XCConfigurationList;
			buildConfigurations = (
				FCBEA0F91F9E179E009DECCA /* Debug */,
				FCBEA0FA1F9E179E009DECCA /* Release */,
			);
			defaultConfigurationIsVisible = 0;
			defaultConfigurationName = Release;
		};
		FCBEA0FB1F9E179E009DECCA /* Build configuration list for PBXNativeTarget "Movie Roulette" */ = {
			isa = XCConfigurationList;
			buildConfigurations = (
				FCBEA0FC1F9E179E009DECCA /* Debug */,
				FCBEA0FD1F9E179E009DECCA /* Release */,
			);
			defaultConfigurationIsVisible = 0;
			defaultConfigurationName = Release;
		};
/* End XCConfigurationList section */
	};
	rootObject = FCBEA0E11F9E179E009DECCA /* Project object */;
}
